
Microsoft Visual Studio Solution File, Format Version 12.00
# Visual Studio Version 16
VisualStudioVersion = 16.0.31613.86
MinimumVisualStudioVersion = 10.0.40219.1
Project("{FAE04EC0-301F-11D3-BF4B-00C04F79EFBC}") = "prjLAB01-2", "prjLAB01-2.csproj", "{6BEF3AC0-3DF8-4164-843F-38C5AE62439E}"
EndProject
Global
	GlobalSection(SolutionConfigurationPlatforms) = preSolution
		Debug|Any CPU = Debug|Any CPU
		Release|Any CPU = Release|Any CPU
	EndGlobalSection
	GlobalSection(ProjectConfigurationPlatforms) = postSolution
		{6BEF3AC0-3DF8-4164-843F-38C5AE62439E}.Debug|Any CPU.ActiveCfg = Debug|Any CPU
		{6BEF3AC0-3DF8-4164-843F-38C5AE62439E}.Debug|Any CPU.Build.0 = Debug|Any CPU
		{6BEF3AC0-3DF8-4164-843F-38C5AE62439E}.Release|Any CPU.ActiveCfg = Release|Any CPU
		{6BEF3AC0-3DF8-4164-843F-38C5AE62439E}.Release|Any CPU.Build.0 = Release|Any CPU
	EndGlobalSection
	GlobalSection(SolutionProperties) = preSolution
		HideSolutionNode = FALSE
	EndGlobalSection
	GlobalSection(ExtensibilityGlobals) = postSolution
		SolutionGuid = {BFBF1DF1-8316-43D1-8136-8432D3C403F0}
	EndGlobalSection
EndGlobal
